// !$*UTF8*$!
{
	archiveVersion = 1;
	classes = {
	};
	objectVersion = 56;
	objects = {

/* Begin PBXBuildFile section */
		6B2BE058296F731D00C4564E /* basicsApp.swift in Sources */ = {isa = PBXBuildFile; fileRef = 6B2BE057296F731D00C4564E /* basicsApp.swift */; };
		6B2BE05A296F731D00C4564E /* ContentView.swift in Sources */ = {isa = PBXBuildFile; fileRef = 6B2BE059296F731D00C4564E /* ContentView.swift */; };
		6B2BE05C296F731F00C4564E /* Assets.xcassets in Resources */ = {isa = PBXBuildFile; fileRef = 6B2BE05B296F731F00C4564E /* Assets.xcassets */; };
		6B2BE05F296F731F00C4564E /* Preview Assets.xcassets in Resources */ = {isa = PBXBuildFile; fileRef = 6B2BE05E296F731F00C4564E /* Preview Assets.xcassets */; };
		6B2BE069296F731F00C4564E /* basicsTests.swift in Sources */ = {isa = PBXBuildFile; fileRef = 6B2BE068296F731F00C4564E /* basicsTests.swift */; };
		6B2BE073296F731F00C4564E /* basicsUITests.swift in Sources */ = {isa = PBXBuildFile; fileRef = 6B2BE072296F731F00C4564E /* basicsUITests.swift */; };
		6B2BE075296F731F00C4564E /* basicsUITestsLaunchTests.swift in Sources */ = {isa = PBXBuildFile; fileRef = 6B2BE074296F731F00C4564E /* basicsUITestsLaunchTests.swift */; };
/* End PBXBuildFile section */

/* Begin PBXContainerItemProxy section */
		6B2BE065296F731F00C4564E /* PBXContainerItemProxy */ = {
			isa = PBXContainerItemProxy;
			containerPortal = 6B2BE04C296F731D00C4564E /* Project object */;
			proxyType = 1;
			remoteGlobalIDString = 6B2BE053296F731D00C4564E;
			remoteInfo = basics;
		};
		6B2BE06F296F731F00C4564E /* PBXContainerItemProxy */ = {
			isa = PBXContainerItemProxy;
			containerPortal = 6B2BE04C296F731D00C4564E /* Project object */;
			proxyType = 1;
			remoteGlobalIDString = 6B2BE053296F731D00C4564E;
			remoteInfo = basics;
		};
/* End PBXContainerItemProxy section */

/* Begin PBXFileReference section */
		6B2BE054296F731D00C4564E /* basics.app */ = {isa = PBXFileReference; explicitFileType = wrapper.application; includeInIndex = 0; path = basics.app; sourceTree = BUILT_PRODUCTS_DIR; };
		6B2BE057296F731D00C4564E /* basicsApp.swift */ = {isa = PBXFileReference; lastKnownFileType = sourcecode.swift; path = basicsApp.swift; sourceTree = "<group>"; };
		6B2BE059296F731D00C4564E /* ContentView.swift */ = {isa = PBXFileReference; lastKnownFileType = sourcecode.swift; path = ContentView.swift; sourceTree = "<group>"; };
		6B2BE05B296F731F00C4564E /* Assets.xcassets */ = {isa = PBXFileReference; lastKnownFileType = folder.assetcatalog; path = Assets.xcassets; sourceTree = "<group>"; };
		6B2BE05E296F731F00C4564E /* Preview Assets.xcassets */ = {isa = PBXFileReference; lastKnownFileType = folder.assetcatalog; path = "Preview Assets.xcassets"; sourceTree = "<group>"; };
		6B2BE064296F731F00C4564E /* basicsTests.xctest */ = {isa = PBXFileReference; explicitFileType = wrapper.cfbundle; includeInIndex = 0; path = basicsTests.xctest; sourceTree = BUILT_PRODUCTS_DIR; };
		6B2BE068296F731F00C4564E /* basicsTests.swift */ = {isa = PBXFileReference; lastKnownFileType = sourcecode.swift; path = basicsTests.swift; sourceTree = "<group>"; };
		6B2BE06E296F731F00C4564E /* basicsUITests.xctest */ = {isa = PBXFileReference; explicitFileType = wrapper.cfbundle; includeInIndex = 0; path = basicsUITests.xctest; sourceTree = BUILT_PRODUCTS_DIR; };
		6B2BE072296F731F00C4564E /* basicsUITests.swift */ = {isa = PBXFileReference; lastKnownFileType = sourcecode.swift; path = basicsUITests.swift; sourceTree = "<group>"; };
		6B2BE074296F731F00C4564E /* basicsUITestsLaunchTests.swift */ = {isa = PBXFileReference; lastKnownFileType = sourcecode.swift; path = basicsUITestsLaunchTests.swift; sourceTree = "<group>"; };
/* End PBXFileReference section */

/* Begin PBXFrameworksBuildPhase section */
		6B2BE051296F731D00C4564E /* Frameworks */ = {
			isa = PBXFrameworksBuildPhase;
			buildActionMask = 2147483647;
			files = (
			);
			runOnlyForDeploymentPostprocessing = 0;
		};
		6B2BE061296F731F00C4564E /* Frameworks */ = {
			isa = PBXFrameworksBuildPhase;
			buildActionMask = 2147483647;
			files = (
			);
			runOnlyForDeploymentPostprocessing = 0;
		};
		6B2BE06B296F731F00C4564E /* Frameworks */ = {
			isa = PBXFrameworksBuildPhase;
			buildActionMask = 2147483647;
			files = (
			);
			runOnlyForDeploymentPostprocessing = 0;
		};
/* End PBXFrameworksBuildPhase section */

/* Begin PBXGroup section */
		6B2BE04B296F731D00C4564E = {
			isa = PBXGroup;
			children = (
				6B2BE056296F731D00C4564E /* basics */,
				6B2BE067296F731F00C4564E /* basicsTests */,
				6B2BE071296F731F00C4564E /* basicsUITests */,
				6B2BE055296F731D00C4564E /* Products */,
			);
			sourceTree = "<group>";
		};
		6B2BE055296F731D00C4564E /* Products */ = {
			isa = PBXGroup;
			children = (
				6B2BE054296F731D00C4564E /* basics.app */,
				6B2BE064296F731F00C4564E /* basicsTests.xctest */,
				6B2BE06E296F731F00C4564E /* basicsUITests.xctest */,
			);
			name = Products;
			sourceTree = "<group>";
		};
		6B2BE056296F731D00C4564E /* basics */ = {
			isa = PBXGroup;
			children = (
				6B2BE057296F731D00C4564E /* basicsApp.swift */,
				6B2BE059296F731D00C4564E /* ContentView.swift */,
				6B2BE05B296F731F00C4564E /* Assets.xcassets */,
				6B2BE05D296F731F00C4564E /* Preview Content */,
			);
			path = basics;
			sourceTree = "<group>";
		};
		6B2BE05D296F731F00C4564E /* Preview Content */ = {
			isa = PBXGroup;
			children = (
				6B2BE05E296F731F00C4564E /* Preview Assets.xcassets */,
			);
			path = "Preview Content";
			sourceTree = "<group>";
		};
		6B2BE067296F731F00C4564E /* basicsTests */ = {
			isa = PBXGroup;
			children = (
				6B2BE068296F731F00C4564E /* basicsTests.swift */,
			);
			path = basicsTests;
			sourceTree = "<group>";
		};
		6B2BE071296F731F00C4564E /* basicsUITests */ = {
			isa = PBXGroup;
			children = (
				6B2BE072296F731F00C4564E /* basicsUITests.swift */,
				6B2BE074296F731F00C4564E /* basicsUITestsLaunchTests.swift */,
			);
			path = basicsUITests;
			sourceTree = "<group>";
		};
/* End PBXGroup section */

/* Begin PBXNativeTarget section */
		6B2BE053296F731D00C4564E /* basics */ = {
			isa = PBXNativeTarget;
			buildConfigurationList = 6B2BE078296F731F00C4564E /* Build configuration list for PBXNativeTarget "basics" */;
			buildPhases = (
				6B2BE050296F731D00C4564E /* Sources */,
				6B2BE051296F731D00C4564E /* Frameworks */,
				6B2BE052296F731D00C4564E /* Resources */,
			);
			buildRules = (
			);
			dependencies = (
			);
			name = basics;
			productName = basics;
			productReference = 6B2BE054296F731D00C4564E /* basics.app */;
			productType = "com.apple.product-type.application";
		};
		6B2BE063296F731F00C4564E /* basicsTests */ = {
			isa = PBXNativeTarget;
			buildConfigurationList = 6B2BE07B296F731F00C4564E /* Build configuration list for PBXNativeTarget "basicsTests" */;
			buildPhases = (
				6B2BE060296F731F00C4564E /* Sources */,
				6B2BE061296F731F00C4564E /* Frameworks */,
				6B2BE062296F731F00C4564E /* Resources */,
			);
			buildRules = (
			);
			dependencies = (
				6B2BE066296F731F00C4564E /* PBXTargetDependency */,
			);
			name = basicsTests;
			productName = basicsTests;
			productReference = 6B2BE064296F731F00C4564E /* basicsTests.xctest */;
			productType = "com.apple.product-type.bundle.unit-test";
		};
		6B2BE06D296F731F00C4564E /* basicsUITests */ = {
			isa = PBXNativeTarget;
			buildConfigurationList = 6B2BE07E296F731F00C4564E /* Build configuration list for PBXNativeTarget "basicsUITests" */;
			buildPhases = (
				6B2BE06A296F731F00C4564E /* Sources */,
				6B2BE06B296F731F00C4564E /* Frameworks */,
				6B2BE06C296F731F00C4564E /* Resources */,
			);
			buildRules = (
			);
			dependencies = (
				6B2BE070296F731F00C4564E /* PBXTargetDependency */,
			);
			name = basicsUITests;
			productName = basicsUITests;
			productReference = 6B2BE06E296F731F00C4564E /* basicsUITests.xctest */;
			productType = "com.apple.product-type.bundle.ui-testing";
		};
/* End PBXNativeTarget section */

/* Begin PBXProject section */
		6B2BE04C296F731D00C4564E /* Project object */ = {
			isa = PBXProject;
			attributes = {
				BuildIndependentTargetsInParallel = 1;
				LastSwiftUpdateCheck = 1420;
				LastUpgradeCheck = 1420;
				TargetAttributes = {
					6B2BE053296F731D00C4564E = {
						CreatedOnToolsVersion = 14.2;
					};
					6B2BE063296F731F00C4564E = {
						CreatedOnToolsVersion = 14.2;
						TestTargetID = 6B2BE053296F731D00C4564E;
					};
					6B2BE06D296F731F00C4564E = {
						CreatedOnToolsVersion = 14.2;
						TestTargetID = 6B2BE053296F731D00C4564E;
					};
				};
			};
			buildConfigurationList = 6B2BE04F296F731D00C4564E /* Build configuration list for PBXProject "basics" */;
			compatibilityVersion = "Xcode 14.0";
			developmentRegion = en;
			hasScannedForEncodings = 0;
			knownRegions = (
				en,
				Base,
			);
			mainGroup = 6B2BE04B296F731D00C4564E;
			productRefGroup = 6B2BE055296F731D00C4564E /* Products */;
			projectDirPath = "";
			projectRoot = "";
			targets = (
				6B2BE053296F731D00C4564E /* basics */,
				6B2BE063296F731F00C4564E /* basicsTests */,
				6B2BE06D296F731F00C4564E /* basicsUITests */,
			);
		};
/* End PBXProject section */

/* Begin PBXResourcesBuildPhase section */
		6B2BE052296F731D00C4564E /* Resources */ = {
			isa = PBXResourcesBuildPhase;
			buildActionMask = 2147483647;
			files = (
				6B2BE05F296F731F00C4564E /* Preview Assets.xcassets in Resources */,
				6B2BE05C296F731F00C4564E /* Assets.xcassets in Resources */,
			);
			runOnlyForDeploymentPostprocessing = 0;
		};
		6B2BE062296F731F00C4564E /* Resources */ = {
			isa = PBXResourcesBuildPhase;
			buildActionMask = 2147483647;
			files = (
			);
			runOnlyForDeploymentPostprocessing = 0;
		};
		6B2BE06C296F731F00C4564E /* Resources */ = {
			isa = PBXResourcesBuildPhase;
			buildActionMask = 2147483647;
			files = (
			);
			runOnlyForDeploymentPostprocessing = 0;
		};
/* End PBXResourcesBuildPhase section */

/* Begin PBXSourcesBuildPhase section */
		6B2BE050296F731D00C4564E /* Sources */ = {
			isa = PBXSourcesBuildPhase;
			buildActionMask = 2147483647;
			files = (
				6B2BE05A296F731D00C4564E /* ContentView.swift in Sources */,
				6B2BE058296F731D00C4564E /* basicsApp.swift in Sources */,
			);
			runOnlyForDeploymentPostprocessing = 0;
		};
		6B2BE060296F731F00C4564E /* Sources */ = {
			isa = PBXSourcesBuildPhase;
			buildActionMask = 2147483647;
			files = (
				6B2BE069296F731F00C4564E /* basicsTests.swift in Sources */,
			);
			runOnlyForDeploymentPostprocessing = 0;
		};
		6B2BE06A296F731F00C4564E /* Sources */ = {
			isa = PBXSourcesBuildPhase;
			buildActionMask = 2147483647;
			files = (
				6B2BE073296F731F00C4564E /* basicsUITests.swift in Sources */,
				6B2BE075296F731F00C4564E /* basicsUITestsLaunchTests.swift in Sources */,
			);
			runOnlyForDeploymentPostprocessing = 0;
		};
/* End PBXSourcesBuildPhase section */

/* Begin PBXTargetDependency section */
		6B2BE066296F731F00C4564E /* PBXTargetDependency */ = {
			isa = PBXTargetDependency;
			target = 6B2BE053296F731D00C4564E /* basics */;
			targetProxy = 6B2BE065296F731F00C4564E /* PBXContainerItemProxy */;
		};
		6B2BE070296F731F00C4564E /* PBXTargetDependency */ = {
			isa = PBXTargetDependency;
			target = 6B2BE053296F731D00C4564E /* basics */;
			targetProxy = 6B2BE06F296F731F00C4564E /* PBXContainerItemProxy */;
		};
/* End PBXTargetDependency section */

/* Begin XCBuildConfiguration section */
		6B2BE076296F731F00C4564E /* Debug */ = {
			isa = XCBuildConfiguration;
			buildSettings = {
				ALWAYS_SEARCH_USER_PATHS = NO;
				CLANG_ANALYZER_NONNULL = YES;
				CLANG_ANALYZER_NUMBER_OBJECT_CONVERSION = YES_AGGRESSIVE;
				CLANG_CXX_LANGUAGE_STANDARD = "gnu++20";
				CLANG_ENABLE_MODULES = YES;
				CLANG_ENABLE_OBJC_ARC = YES;
				CLANG_ENABLE_OBJC_WEAK = YES;
				CLANG_WARN_BLOCK_CAPTURE_AUTORELEASING = YES;
				CLANG_WARN_BOOL_CONVERSION = YES;
				CLANG_WARN_COMMA = YES;
				CLANG_WARN_CONSTANT_CONVERSION = YES;
				CLANG_WARN_DEPRECATED_OBJC_IMPLEMENTATIONS = YES;
				CLANG_WARN_DIRECT_OBJC_ISA_USAGE = YES_ERROR;
				CLANG_WARN_DOCUMENTATION_COMMENTS = YES;
				CLANG_WARN_EMPTY_BODY = YES;
				CLANG_WARN_ENUM_CONVERSION = YES;
				CLANG_WARN_INFINITE_RECURSION = YES;
				CLANG_WARN_INT_CONVERSION = YES;
				CLANG_WARN_NON_LITERAL_NULL_CONVERSION = YES;
				CLANG_WARN_OBJC_IMPLICIT_RETAIN_SELF = YES;
				CLANG_WARN_OBJC_LITERAL_CONVERSION = YES;
				CLANG_WARN_OBJC_ROOT_CLASS = YES_ERROR;
				CLANG_WARN_QUOTED_INCLUDE_IN_FRAMEWORK_HEADER = YES;
				CLANG_WARN_RANGE_LOOP_ANALYSIS = YES;
				CLANG_WARN_STRICT_PROTOTYPES = YES;
				CLANG_WARN_SUSPICIOUS_MOVE = YES;
				CLANG_WARN_UNGUARDED_AVAILABILITY = YES_AGGRESSIVE;
				CLANG_WARN_UNREACHABLE_CODE = YES;
				CLANG_WARN__DUPLICATE_METHOD_MATCH = YES;
				COPY_PHASE_STRIP = NO;
				DEBUG_INFORMATION_FORMAT = dwarf;
				ENABLE_STRICT_OBJC_MSGSEND = YES;
				ENABLE_TESTABILITY = YES;
				GCC_C_LANGUAGE_STANDARD = gnu11;
				GCC_DYNAMIC_NO_PIC = NO;
				GCC_NO_COMMON_BLOCKS = YES;
				GCC_OPTIMIZATION_LEVEL = 0;
				GCC_PREPROCESSOR_DEFINITIONS = (
					"DEBUG=1",
					"$(inherited)",
				);
				GCC_WARN_64_TO_32_BIT_CONVERSION = YES;
				GCC_WARN_ABOUT_RETURN_TYPE = YES_ERROR;
				GCC_WARN_UNDECLARED_SELECTOR = YES;
				GCC_WARN_UNINITIALIZED_AUTOS = YES_AGGRESSIVE;
				GCC_WARN_UNUSED_FUNCTION = YES;
				GCC_WARN_UNUSED_VARIABLE = YES;
				IPHONEOS_DEPLOYMENT_TARGET = 16.2;
				MTL_ENABLE_DEBUG_INFO = INCLUDE_SOURCE;
				MTL_FAST_MATH = YES;
				ONLY_ACTIVE_ARCH = YES;
				SDKROOT = iphoneos;
				SWIFT_ACTIVE_COMPILATION_CONDITIONS = DEBUG;
				SWIFT_OPTIMIZATION_LEVEL = "-Onone";
			};
			name = Debug;
		};
		6B2BE077296F731F00C4564E /* Release */ = {
			isa = XCBuildConfiguration;
			buildSettings = {
				ALWAYS_SEARCH_USER_PATHS = NO;
				CLANG_ANALYZER_NONNULL = YES;
				CLANG_ANALYZER_NUMBER_OBJECT_CONVERSION = YES_AGGRESSIVE;
				CLANG_CXX_LANGUAGE_STANDARD = "gnu++20";
				CLANG_ENABLE_MODULES = YES;
				CLANG_ENABLE_OBJC_ARC = YES;
				CLANG_ENABLE_OBJC_WEAK = YES;
				CLANG_WARN_BLOCK_CAPTURE_AUTORELEASING = YES;
				CLANG_WARN_BOOL_CONVERSION = YES;
				CLANG_WARN_COMMA = YES;
				CLANG_WARN_CONSTANT_CONVERSION = YES;
				CLANG_WARN_DEPRECATED_OBJC_IMPLEMENTATIONS = YES;
				CLANG_WARN_DIRECT_OBJC_ISA_USAGE = YES_ERROR;
				CLANG_WARN_DOCUMENTATION_COMMENTS = YES;
				CLANG_WARN_EMPTY_BODY = YES;
				CLANG_WARN_ENUM_CONVERSION = YES;
				CLANG_WARN_INFINITE_RECURSION = YES;
				CLANG_WARN_INT_CONVERSION = YES;
				CLANG_WARN_NON_LITERAL_NULL_CONVERSION = YES;
				CLANG_WARN_OBJC_IMPLICIT_RETAIN_SELF = YES;
				CLANG_WARN_OBJC_LITERAL_CONVERSION = YES;
				CLANG_WARN_OBJC_ROOT_CLASS = YES_ERROR;
				CLANG_WARN_QUOTED_INCLUDE_IN_FRAMEWORK_HEADER = YES;
				CLANG_WARN_RANGE_LOOP_ANALYSIS = YES;
				CLANG_WARN_STRICT_PROTOTYPES = YES;
				CLANG_WARN_SUSPICIOUS_MOVE = YES;
				CLANG_WARN_UNGUARDED_AVAILABILITY = YES_AGGRESSIVE;
				CLANG_WARN_UNREACHABLE_CODE = YES;
				CLANG_WARN__DUPLICATE_METHOD_MATCH = YES;
				COPY_PHASE_STRIP = NO;
				DEBUG_INFORMATION_FORMAT = "dwarf-with-dsym";
				ENABLE_NS_ASSERTIONS = NO;
				ENABLE_STRICT_OBJC_MSGSEND = YES;
				GCC_C_LANGUAGE_STANDARD = gnu11;
				GCC_NO_COMMON_BLOCKS = YES;
				GCC_WARN_64_TO_32_BIT_CONVERSION = YES;
				GCC_WARN_ABOUT_RETURN_TYPE = YES_ERROR;
				GCC_WARN_UNDECLARED_SELECTOR = YES;
				GCC_WARN_UNINITIALIZED_AUTOS = YES_AGGRESSIVE;
				GCC_WARN_UNUSED_FUNCTION = YES;
				GCC_WARN_UNUSED_VARIABLE = YES;
				IPHONEOS_DEPLOYMENT_TARGET = 16.2;
				MTL_ENABLE_DEBUG_INFO = NO;
				MTL_FAST_MATH = YES;
				SDKROOT = iphoneos;
				SWIFT_COMPILATION_MODE = wholemodule;
				SWIFT_OPTIMIZATION_LEVEL = "-O";
				VALIDATE_PRODUCT = YES;
			};
			name = Release;
		};
		6B2BE079296F731F00C4564E /* Debug */ = {
			isa = XCBuildConfiguration;
			buildSettings = {
				ASSETCATALOG_COMPILER_APPICON_NAME = AppIcon;
				ASSETCATALOG_COMPILER_GLOBAL_ACCENT_COLOR_NAME = AccentColor;
				CODE_SIGN_STYLE = Automatic;
				CURRENT_PROJECT_VERSION = 1;
				DEVELOPMENT_ASSET_PATHS = "\"basics/Preview Content\"";
				ENABLE_PREVIEWS = YES;
				GENERATE_INFOPLIST_FILE = YES;
				INFOPLIST_KEY_UIApplicationSceneManifest_Generation = YES;
				INFOPLIST_KEY_UIApplicationSupportsIndirectInputEvents = YES;
				INFOPLIST_KEY_UILaunchScreen_Generation = YES;
				INFOPLIST_KEY_UISupportedInterfaceOrientations_iPad = "UIInterfaceOrientationPortrait UIInterfaceOrientationPortraitUpsideDown UIInterfaceOrientationLandscapeLeft UIInterfaceOrientationLandscapeRight";
				INFOPLIST_KEY_UISupportedInterfaceOrientations_iPhone = "UIInterfaceOrientationPortrait UIInterfaceOrientationLandscapeLeft UIInterfaceOrientationLandscapeRight";
				LD_RUNPATH_SEARCH_PATHS = (
					"$(inherited)",
					"@executable_path/Frameworks",
				);
				MARKETING_VERSION = 1.0;
				PRODUCT_BUNDLE_IDENTIFIER = com.nishkbalsara.basics.basics;
				PRODUCT_NAME = "$(TARGET_NAME)";
				SWIFT_EMIT_LOC_STRINGS = YES;
				SWIFT_VERSION = 5.0;
				TARGETED_DEVICE_FAMILY = "1,2";
			};
			name = Debug;
		};
		6B2BE07A296F731F00C4564E /* Release */ = {
			isa = XCBuildConfiguration;
			buildSettings = {
				ASSETCATALOG_COMPILER_APPICON_NAME = AppIcon;
				ASSETCATALOG_COMPILER_GLOBAL_ACCENT_COLOR_NAME = AccentColor;
				CODE_SIGN_STYLE = Automatic;
				CURRENT_PROJECT_VERSION = 1;
				DEVELOPMENT_ASSET_PATHS = "\"basics/Preview Content\"";
				ENABLE_PREVIEWS = YES;
				GENERATE_INFOPLIST_FILE = YES;
				INFOPLIST_KEY_UIApplicationSceneManifest_Generation = YES;
				INFOPLIST_KEY_UIApplicationSupportsIndirectInputEvents = YES;
				INFOPLIST_KEY_UILaunchScreen_Generation = YES;
				INFOPLIST_KEY_UISupportedInterfaceOrientations_iPad = "UIInterfaceOrientationPortrait UIInterfaceOrientationPortraitUpsideDown UIInterfaceOrientationLandscapeLeft UIInterfaceOrientationLandscapeRight";
				INFOPLIST_KEY_UISupportedInterfaceOrientations_iPhone = "UIInterfaceOrientationPortrait UIInterfaceOrientationLandscapeLeft UIInterfaceOrientationLandscapeRight";
				LD_RUNPATH_SEARCH_PATHS = (
					"$(inherited)",
					"@executable_path/Frameworks",
				);
				MARKETING_VERSION = 1.0;
				PRODUCT_BUNDLE_IDENTIFIER = com.nishkbalsara.basics.basics;
				PRODUCT_NAME = "$(TARGET_NAME)";
				SWIFT_EMIT_LOC_STRINGS = YES;
				SWIFT_VERSION = 5.0;
				TARGETED_DEVICE_FAMILY = "1,2";
			};
			name = Release;
		};
		6B2BE07C296F731F00C4564E /* Debug */ = {
			isa = XCBuildConfiguration;
			buildSettings = {
				ALWAYS_EMBED_SWIFT_STANDARD_LIBRARIES = YES;
				BUNDLE_LOADER = "$(TEST_HOST)";
				CODE_SIGN_STYLE = Automatic;
				CURRENT_PROJECT_VERSION = 1;
				GENERATE_INFOPLIST_FILE = YES;
				IPHONEOS_DEPLOYMENT_TARGET = 16.2;
				MARKETING_VERSION = 1.0;
				PRODUCT_BUNDLE_IDENTIFIER = com.nishkbalsara.basics.basicsTests;
				PRODUCT_NAME = "$(TARGET_NAME)";
				SWIFT_EMIT_LOC_STRINGS = NO;
				SWIFT_VERSION = 5.0;
				TARGETED_DEVICE_FAMILY = "1,2";
				TEST_HOST = "$(BUILT_PRODUCTS_DIR)/basics.app/$(BUNDLE_EXECUTABLE_FOLDER_PATH)/basics";
			};
			name = Debug;
		};
		6B2BE07D296F731F00C4564E /* Release */ = {
			isa = XCBuildConfiguration;
			buildSettings = {
				ALWAYS_EMBED_SWIFT_STANDARD_LIBRARIES = YES;
				BUNDLE_LOADER = "$(TEST_HOST)";
				CODE_SIGN_STYLE = Automatic;
				CURRENT_PROJECT_VERSION = 1;
				GENERATE_INFOPLIST_FILE = YES;
				IPHONEOS_DEPLOYMENT_TARGET = 16.2;
				MARKETING_VERSION = 1.0;
				PRODUCT_BUNDLE_IDENTIFIER = com.nishkbalsara.basics.basicsTests;
				PRODUCT_NAME = "$(TARGET_NAME)";
				SWIFT_EMIT_LOC_STRINGS = NO;
				SWIFT_VERSION = 5.0;
				TARGETED_DEVICE_FAMILY = "1,2";
				TEST_HOST = "$(BUILT_PRODUCTS_DIR)/basics.app/$(BUNDLE_EXECUTABLE_FOLDER_PATH)/basics";
			};
			name = Release;
		};
		6B2BE07F296F731F00C4564E /* Debug */ = {
			isa = XCBuildConfiguration;
			buildSettings = {
				ALWAYS_EMBED_SWIFT_STANDARD_LIBRARIES = YES;
				CODE_SIGN_STYLE = Automatic;
				CURRENT_PROJECT_VERSION = 1;
				GENERATE_INFOPLIST_FILE = YES;
				MARKETING_VERSION = 1.0;
				PRODUCT_BUNDLE_IDENTIFIER = com.nishkbalsara.basics.basicsUITests;
				PRODUCT_NAME = "$(TARGET_NAME)";
				SWIFT_EMIT_LOC_STRINGS = NO;
				SWIFT_VERSION = 5.0;
				TARGETED_DEVICE_FAMILY = "1,2";
				TEST_TARGET_NAME = basics;
			};
			name = Debug;
		};
		6B2BE080296F731F00C4564E /* Release */ = {
			isa = XCBuildConfiguration;
			buildSettings = {
				ALWAYS_EMBED_SWIFT_STANDARD_LIBRARIES = YES;
				CODE_SIGN_STYLE = Automatic;
				CURRENT_PROJECT_VERSION = 1;
				GENERATE_INFOPLIST_FILE = YES;
				MARKETING_VERSION = 1.0;
				PRODUCT_BUNDLE_IDENTIFIER = com.nishkbalsara.basics.basicsUITests;
				PRODUCT_NAME = "$(TARGET_NAME)";
				SWIFT_EMIT_LOC_STRINGS = NO;
				SWIFT_VERSION = 5.0;
				TARGETED_DEVICE_FAMILY = "1,2";
				TEST_TARGET_NAME = basics;
			};
			name = Release;
		};
/* End XCBuildConfiguration section */

/* Begin XCConfigurationList section */
		6B2BE04F296F731D00C4564E /* Build configuration list for PBXProject "basics" */ = {
			isa = XCConfigurationList;
			buildConfigurations = (
				6B2BE076296F731F00C4564E /* Debug */,
				6B2BE077296F731F00C4564E /* Release */,
			);
			defaultConfigurationIsVisible = 0;
			defaultConfigurationName = Release;
		};
		6B2BE078296F731F00C4564E /* Build configuration list for PBXNativeTarget "basics" */ = {
			isa = XCConfigurationList;
			buildConfigurations = (
				6B2BE079296F731F00C4564E /* Debug */,
				6B2BE07A296F731F00C4564E /* Release */,
			);
			defaultConfigurationIsVisible = 0;
			defaultConfigurationName = Release;
		};
		6B2BE07B296F731F00C4564E /* Build configuration list for PBXNativeTarget "basicsTests" */ = {
			isa = XCConfigurationList;
			buildConfigurations = (
				6B2BE07C296F731F00C4564E /* Debug */,
				6B2BE07D296F731F00C4564E /* Release */,
			);
			defaultConfigurationIsVisible = 0;
			defaultConfigurationName = Release;
		};
		6B2BE07E296F731F00C4564E /* Build configuration list for PBXNativeTarget "basicsUITests" */ = {
			isa = XCConfigurationList;
			buildConfigurations = (
				6B2BE07F296F731F00C4564E /* Debug */,
				6B2BE080296F731F00C4564E /* Release */,
			);
			defaultConfigurationIsVisible = 0;
			defaultConfigurationName = Release;
		};
/* End XCConfigurationList section */
	};
	rootObject = 6B2BE04C296F731D00C4564E /* Project object */;
}
